%{
  "beam_notify": {:hex, :beam_notify, "0.2.2", "5c6cc0d12ef0f08aa063704c11f7c0ffd77123ccae5bd6f6827e704a4c860868", [:make, :mix], [{:elixir_make, "~> 0.6", [hex: :elixir_make, repo: "hexpm", optional: false]}], "hexpm", "75c5606bf772c26340e0afacfb435f8265e8ad22ef270d492ff7b07d9b74260b"},
  "dns": {:hex, :dns, "2.3.0", "3e750cf3e229898628a091fa7dca29524294db2962d0fc15696ac3a5cfff2315", [:mix], [{:socket, "~> 0.3.13", [hex: :socket, repo: "hexpm", optional: false]}], "hexpm", "f3f1074409b4ecf6f93379a49fb0aef30a898f3093ea22b5c64a85e9f99ca6f8"},
  "elixir_make": {:hex, :elixir_make, "0.6.2", "7dffacd77dec4c37b39af867cedaabb0b59f6a871f89722c25b28fcd4bd70530", [:mix], [], "hexpm", "03e49eadda22526a7e5279d53321d1cced6552f344ba4e03e619063de75348d9"},
  "gen_state_machine": {:hex, :gen_state_machine, "3.0.0", "1e57f86a494e5c6b14137ebef26a7eb342b3b0070c7135f2d6768ed3f6b6cdff", [:mix], [], "hexpm", "0a59652574bebceb7309f6b749d2a41b45fdeda8dbb4da0791e355dd19f0ed15"},
  "jason": {:hex, :jason, "1.2.2", "ba43e3f2709fd1aa1dce90aaabfd039d000469c05c56f0b8e31978e03fa39052", [:mix], [{:decimal, "~> 1.0 or ~> 2.0", [hex: :decimal, repo: "hexpm", optional: true]}], "hexpm", "18a228f5f0058ee183f29f9eae0805c6e59d61c3b006760668d8d18ff0d12179"},
  "mdns": {:git, "https://github.com/rosetta-home/mdns.git", "7b9c16adaf97f0ec31a80ad356fdf6f39d6c2fca", []},
  "mdns_lite": {:hex, :mdns_lite, "0.8.3", "41ec5b6532a77737086f83b7ecd0a710bb2fe426221002d9b5ca9f279367a53c", [:mix], [{:vintage_net, "~> 0.7", [hex: :vintage_net, repo: "hexpm", optional: false]}], "hexpm", "d094a453e7c7c3167ab85257aeb69a7c534d905dfbe0df7b0f98ff2e509aac78"},
  "muontrap": {:hex, :muontrap, "0.6.1", "fa11dc9152470c4d0ce5a5fcb6524d8c1edc9bf6d63b3f6a89096f1e751ae271", [:make, :mix], [{:elixir_make, "~> 0.6", [hex: :elixir_make, repo: "hexpm", optional: false]}], "hexpm", "86d1ef2fa0a30435a1d595e96f631ad4a24a931d8d855688e012fadd7147bd1d"},
  "socket": {:hex, :socket, "0.3.13", "98a2ab20ce17f95fb512c5cadddba32b57273e0d2dba2d2e5f976c5969d0c632", [:mix], [], "hexpm", "f82ea9833ef49dde272e6568ab8aac657a636acb4cf44a7de8a935acb8957c2e"},
  "vintage_net": {:hex, :vintage_net, "0.11.1", "3bf5696c863c83dea7b6c245ca5b4cf4408961d06f6cbdeff271128c985db9f1", [:make, :mix], [{:beam_notify, "~> 0.2.0", [hex: :beam_notify, repo: "hexpm", optional: false]}, {:elixir_make, "~> 0.6", [hex: :elixir_make, repo: "hexpm", optional: false]}, {:gen_state_machine, "~> 2.0.0 or ~> 2.1.0 or ~> 3.0.0", [hex: :gen_state_machine, repo: "hexpm", optional: false]}, {:muontrap, "~> 0.5.1 or ~> 0.6.0", [hex: :muontrap, repo: "hexpm", optional: false]}], "hexpm", "4d56f40a821098a4e734cf8e3de57ef7b4a04723ff105e3561a48baa9b2f138e"},
}
